// !$*UTF8*$!
{
	archiveVersion = 1;
	classes = {
	};
	objectVersion = 56;
	objects = {

/* Begin PBXBuildFile section */
		181F8E592A9071C400E8C237 /* AnswerBoxView.swift in Sources */ = {isa = PBXBuildFile; fileRef = 181F8E582A9071C400E8C237 /* AnswerBoxView.swift */; };
		181F8E5B2A9082FF00E8C237 /* OptionBoxView.swift in Sources */ = {isa = PBXBuildFile; fileRef = 181F8E5A2A9082FF00E8C237 /* OptionBoxView.swift */; };
		181F8E5F2A90873100E8C237 /* Question2View.swift in Sources */ = {isa = PBXBuildFile; fileRef = 181F8E5E2A90873100E8C237 /* Question2View.swift */; };
		181F8E662A91CCB300E8C237 /* Explanation2View.swift in Sources */ = {isa = PBXBuildFile; fileRef = 181F8E652A91CCB300E8C237 /* Explanation2View.swift */; };
		1848E67F29DE7DAD0003315C /* MewMathApp.swift in Sources */ = {isa = PBXBuildFile; fileRef = 1848E67E29DE7DAD0003315C /* MewMathApp.swift */; };
		1848E68329DE7DAD0003315C /* Assets.xcassets in Resources */ = {isa = PBXBuildFile; fileRef = 1848E68229DE7DAD0003315C /* Assets.xcassets */; };
		1848E68629DE7DAD0003315C /* Preview Assets.xcassets in Resources */ = {isa = PBXBuildFile; fileRef = 1848E68529DE7DAD0003315C /* Preview Assets.xcassets */; };
		184F17212A8DEEA500BC4E52 /* HomeView.swift in Sources */ = {isa = PBXBuildFile; fileRef = 184F17202A8DEEA500BC4E52 /* HomeView.swift */; };
		184F17232A8DEEBE00BC4E52 /* SplashScreenView.swift in Sources */ = {isa = PBXBuildFile; fileRef = 184F17222A8DEEBE00BC4E52 /* SplashScreenView.swift */; };
		184F17262A8DF15300BC4E52 /* MainView.swift in Sources */ = {isa = PBXBuildFile; fileRef = 184F17252A8DF15300BC4E52 /* MainView.swift */; };
		184F172C2A8E074100BC4E52 /* QuestionModel.swift in Sources */ = {isa = PBXBuildFile; fileRef = 184F172B2A8E074100BC4E52 /* QuestionModel.swift */; };
		184F172E2A8E086E00BC4E52 /* QuestionRepository.swift in Sources */ = {isa = PBXBuildFile; fileRef = 184F172D2A8E086E00BC4E52 /* QuestionRepository.swift */; };
		184F17302A8E08C300BC4E52 /* QuestionUseCase.swift in Sources */ = {isa = PBXBuildFile; fileRef = 184F172F2A8E08C300BC4E52 /* QuestionUseCase.swift */; };
		184F17342A8E10BD00BC4E52 /* QuestionDataSource.swift in Sources */ = {isa = PBXBuildFile; fileRef = 184F17332A8E10BD00BC4E52 /* QuestionDataSource.swift */; };
		184F17362A8E12C400BC4E52 /* Utils.swift in Sources */ = {isa = PBXBuildFile; fileRef = 184F17352A8E12C400BC4E52 /* Utils.swift */; };
		184F17382A8E132B00BC4E52 /* QuestionData.json in Resources */ = {isa = PBXBuildFile; fileRef = 184F17372A8E132B00BC4E52 /* QuestionData.json */; };
		184F173A2A8E14BF00BC4E52 /* QuestionRepositoryImpl.swift in Sources */ = {isa = PBXBuildFile; fileRef = 184F17392A8E14BF00BC4E52 /* QuestionRepositoryImpl.swift */; };
		184F173C2A8E15B400BC4E52 /* QuestionInjection.swift in Sources */ = {isa = PBXBuildFile; fileRef = 184F173B2A8E15B400BC4E52 /* QuestionInjection.swift */; };
		186701332A8E499A00F94309 /* InfoBoxView.swift in Sources */ = {isa = PBXBuildFile; fileRef = 186701322A8E499A00F94309 /* InfoBoxView.swift */; };
		186701352A8E4A6600F94309 /* QuestionBoxView.swift in Sources */ = {isa = PBXBuildFile; fileRef = 186701342A8E4A6600F94309 /* QuestionBoxView.swift */; };
		186701372A8E4B1100F94309 /* SuccessAlertView.swift in Sources */ = {isa = PBXBuildFile; fileRef = 186701362A8E4B1100F94309 /* SuccessAlertView.swift */; };
		18EB26CD2A8F73CA00CDEBAD /* FailAlertView.swift in Sources */ = {isa = PBXBuildFile; fileRef = 18EB26CC2A8F73CA00CDEBAD /* FailAlertView.swift */; };
		18F9D7832A8E2839001414DA /* MapView.swift in Sources */ = {isa = PBXBuildFile; fileRef = 18F9D7822A8E2839001414DA /* MapView.swift */; };
		18F9D7872A8E28D3001414DA /* Question1View.swift in Sources */ = {isa = PBXBuildFile; fileRef = 18F9D7862A8E28D3001414DA /* Question1View.swift */; };
		18F9D78A2A8E2A10001414DA /* QuestionViewModel.swift in Sources */ = {isa = PBXBuildFile; fileRef = 18F9D7892A8E2A10001414DA /* QuestionViewModel.swift */; };
		33EF7CCC29E9983D003EC247 /* copycat.mp3 in Resources */ = {isa = PBXBuildFile; fileRef = 33EF7CCB29E9983D003EC247 /* copycat.mp3 */; };
		33EF7CD429E9A24C003EC247 /* MusicPlayer.swift in Sources */ = {isa = PBXBuildFile; fileRef = 33EF7CD329E9A24C003EC247 /* MusicPlayer.swift */; };
		DAE4834629E8ADE900355879 /* Explanation1View.swift in Sources */ = {isa = PBXBuildFile; fileRef = DAE4834529E8ADE900355879 /* Explanation1View.swift */; };
/* End PBXBuildFile section */

/* Begin PBXFileReference section */
		181F8E582A9071C400E8C237 /* AnswerBoxView.swift */ = {isa = PBXFileReference; lastKnownFileType = sourcecode.swift; path = AnswerBoxView.swift; sourceTree = "<group>"; };
		181F8E5A2A9082FF00E8C237 /* OptionBoxView.swift */ = {isa = PBXFileReference; lastKnownFileType = sourcecode.swift; path = OptionBoxView.swift; sourceTree = "<group>"; };
		181F8E5E2A90873100E8C237 /* Question2View.swift */ = {isa = PBXFileReference; lastKnownFileType = sourcecode.swift; path = Question2View.swift; sourceTree = "<group>"; };
		181F8E652A91CCB300E8C237 /* Explanation2View.swift */ = {isa = PBXFileReference; lastKnownFileType = sourcecode.swift; path = Explanation2View.swift; sourceTree = "<group>"; };
		1848E67B29DE7DAD0003315C /* MewMath.app */ = {isa = PBXFileReference; explicitFileType = wrapper.application; includeInIndex = 0; path = MewMath.app; sourceTree = BUILT_PRODUCTS_DIR; };
		1848E67E29DE7DAD0003315C /* MewMathApp.swift */ = {isa = PBXFileReference; lastKnownFileType = sourcecode.swift; path = MewMathApp.swift; sourceTree = "<group>"; };
		1848E68229DE7DAD0003315C /* Assets.xcassets */ = {isa = PBXFileReference; lastKnownFileType = folder.assetcatalog; path = Assets.xcassets; sourceTree = "<group>"; };
		1848E68529DE7DAD0003315C /* Preview Assets.xcassets */ = {isa = PBXFileReference; lastKnownFileType = folder.assetcatalog; path = "Preview Assets.xcassets"; sourceTree = "<group>"; };
		184F17202A8DEEA500BC4E52 /* HomeView.swift */ = {isa = PBXFileReference; lastKnownFileType = sourcecode.swift; path = HomeView.swift; sourceTree = "<group>"; };
		184F17222A8DEEBE00BC4E52 /* SplashScreenView.swift */ = {isa = PBXFileReference; lastKnownFileType = sourcecode.swift; path = SplashScreenView.swift; sourceTree = "<group>"; };
		184F17252A8DF15300BC4E52 /* MainView.swift */ = {isa = PBXFileReference; lastKnownFileType = sourcecode.swift; path = MainView.swift; sourceTree = "<group>"; };
		184F172B2A8E074100BC4E52 /* QuestionModel.swift */ = {isa = PBXFileReference; lastKnownFileType = sourcecode.swift; path = QuestionModel.swift; sourceTree = "<group>"; };
		184F172D2A8E086E00BC4E52 /* QuestionRepository.swift */ = {isa = PBXFileReference; lastKnownFileType = sourcecode.swift; path = QuestionRepository.swift; sourceTree = "<group>"; };
		184F172F2A8E08C300BC4E52 /* QuestionUseCase.swift */ = {isa = PBXFileReference; lastKnownFileType = sourcecode.swift; path = QuestionUseCase.swift; sourceTree = "<group>"; };
		184F17332A8E10BD00BC4E52 /* QuestionDataSource.swift */ = {isa = PBXFileReference; lastKnownFileType = sourcecode.swift; path = QuestionDataSource.swift; sourceTree = "<group>"; };
		184F17352A8E12C400BC4E52 /* Utils.swift */ = {isa = PBXFileReference; lastKnownFileType = sourcecode.swift; path = Utils.swift; sourceTree = "<group>"; };
		184F17372A8E132B00BC4E52 /* QuestionData.json */ = {isa = PBXFileReference; lastKnownFileType = text.json; path = QuestionData.json; sourceTree = "<group>"; };
		184F17392A8E14BF00BC4E52 /* QuestionRepositoryImpl.swift */ = {isa = PBXFileReference; lastKnownFileType = sourcecode.swift; path = QuestionRepositoryImpl.swift; sourceTree = "<group>"; };
		184F173B2A8E15B400BC4E52 /* QuestionInjection.swift */ = {isa = PBXFileReference; lastKnownFileType = sourcecode.swift; path = QuestionInjection.swift; sourceTree = "<group>"; };
		186701322A8E499A00F94309 /* InfoBoxView.swift */ = {isa = PBXFileReference; lastKnownFileType = sourcecode.swift; path = InfoBoxView.swift; sourceTree = "<group>"; };
		186701342A8E4A6600F94309 /* QuestionBoxView.swift */ = {isa = PBXFileReference; lastKnownFileType = sourcecode.swift; path = QuestionBoxView.swift; sourceTree = "<group>"; };
		186701362A8E4B1100F94309 /* SuccessAlertView.swift */ = {isa = PBXFileReference; lastKnownFileType = sourcecode.swift; path = SuccessAlertView.swift; sourceTree = "<group>"; };
		18EB26CC2A8F73CA00CDEBAD /* FailAlertView.swift */ = {isa = PBXFileReference; lastKnownFileType = sourcecode.swift; path = FailAlertView.swift; sourceTree = "<group>"; };
		18F9D7822A8E2839001414DA /* MapView.swift */ = {isa = PBXFileReference; lastKnownFileType = sourcecode.swift; path = MapView.swift; sourceTree = "<group>"; };
		18F9D7862A8E28D3001414DA /* Question1View.swift */ = {isa = PBXFileReference; lastKnownFileType = sourcecode.swift; path = Question1View.swift; sourceTree = "<group>"; };
		18F9D7892A8E2A10001414DA /* QuestionViewModel.swift */ = {isa = PBXFileReference; lastKnownFileType = sourcecode.swift; path = QuestionViewModel.swift; sourceTree = "<group>"; };
		33EF7CCB29E9983D003EC247 /* copycat.mp3 */ = {isa = PBXFileReference; lastKnownFileType = audio.mp3; path = copycat.mp3; sourceTree = "<group>"; };
		33EF7CD229E99D9F003EC247 /* Info.plist */ = {isa = PBXFileReference; lastKnownFileType = text.plist.xml; path = Info.plist; sourceTree = "<group>"; };
		33EF7CD329E9A24C003EC247 /* MusicPlayer.swift */ = {isa = PBXFileReference; lastKnownFileType = sourcecode.swift; path = MusicPlayer.swift; sourceTree = "<group>"; };
		DAE4834529E8ADE900355879 /* Explanation1View.swift */ = {isa = PBXFileReference; lastKnownFileType = sourcecode.swift; path = Explanation1View.swift; sourceTree = "<group>"; };
/* End PBXFileReference section */

/* Begin PBXFrameworksBuildPhase section */
		1848E67829DE7DAD0003315C /* Frameworks */ = {
			isa = PBXFrameworksBuildPhase;
			buildActionMask = 2147483647;
			files = (
			);
			runOnlyForDeploymentPostprocessing = 0;
		};
/* End PBXFrameworksBuildPhase section */

/* Begin PBXGroup section */
		181F8E602A90CC6700E8C237 /* Explanation */ = {
			isa = PBXGroup;
			children = (
				181F8E612A90CC7700E8C237 /* View */,
			);
			path = Explanation;
			sourceTree = "<group>";
		};
		181F8E612A90CC7700E8C237 /* View */ = {
			isa = PBXGroup;
			children = (
				DAE4834529E8ADE900355879 /* Explanation1View.swift */,
				181F8E652A91CCB300E8C237 /* Explanation2View.swift */,
			);
			path = View;
			sourceTree = "<group>";
		};
		1848E67229DE7DAD0003315C = {
			isa = PBXGroup;
			children = (
				1848E67D29DE7DAD0003315C /* MewMath */,
				1848E67C29DE7DAD0003315C /* Products */,
			);
			sourceTree = "<group>";
		};
		1848E67C29DE7DAD0003315C /* Products */ = {
			isa = PBXGroup;
			children = (
				1848E67B29DE7DAD0003315C /* MewMath.app */,
			);
			name = Products;
			sourceTree = "<group>";
		};
		1848E67D29DE7DAD0003315C /* MewMath */ = {
			isa = PBXGroup;
			children = (
				33EF7CD229E99D9F003EC247 /* Info.plist */,
				184F17162A8DECE700BC4E52 /* App */,
				184F17172A8DECF300BC4E52 /* Common */,
				184F17182A8DED2000BC4E52 /* Data */,
				184F17192A8DED2700BC4E52 /* Domain */,
				184F171A2A8DED3000BC4E52 /* Injection */,
				184F171B2A8DED3A00BC4E52 /* Presentation */,
				1848E68429DE7DAD0003315C /* PreviewContent */,
				184F171C2A8DED4F00BC4E52 /* SupportingFile */,
			);
			path = MewMath;
			sourceTree = "<group>";
		};
		1848E68429DE7DAD0003315C /* PreviewContent */ = {
			isa = PBXGroup;
			children = (
				1848E68529DE7DAD0003315C /* Preview Assets.xcassets */,
			);
			path = PreviewContent;
			sourceTree = "<group>";
		};
		184F17162A8DECE700BC4E52 /* App */ = {
			isa = PBXGroup;
			children = (
				1848E67E29DE7DAD0003315C /* MewMathApp.swift */,
			);
			path = App;
			sourceTree = "<group>";
		};
		184F17172A8DECF300BC4E52 /* Common */ = {
			isa = PBXGroup;
			children = (
				184F17352A8E12C400BC4E52 /* Utils.swift */,
			);
			path = Common;
			sourceTree = "<group>";
		};
		184F17182A8DED2000BC4E52 /* Data */ = {
			isa = PBXGroup;
			children = (
				184F17312A8E0FA500BC4E52 /* DataSource */,
				184F17322A8E0FB400BC4E52 /* Repository */,
			);
			path = Data;
			sourceTree = "<group>";
		};
		184F17192A8DED2700BC4E52 /* Domain */ = {
			isa = PBXGroup;
			children = (
				184F172A2A8E072B00BC4E52 /* UseCase */,
				184F17292A8E071D00BC4E52 /* Repository */,
				184F17282A8E070700BC4E52 /* Model */,
			);
			path = Domain;
			sourceTree = "<group>";
		};
		184F171A2A8DED3000BC4E52 /* Injection */ = {
			isa = PBXGroup;
			children = (
				184F173B2A8E15B400BC4E52 /* QuestionInjection.swift */,
			);
			path = Injection;
			sourceTree = "<group>";
		};
		184F171B2A8DED3A00BC4E52 /* Presentation */ = {
			isa = PBXGroup;
			children = (
				181F8E602A90CC6700E8C237 /* Explanation */,
				18F9D7842A8E28B1001414DA /* Question */,
				18F9D77E2A8E2704001414DA /* Map */,
				184F171D2A8DEE5C00BC4E52 /* Home */,
			);
			path = Presentation;
			sourceTree = "<group>";
		};
		184F171C2A8DED4F00BC4E52 /* SupportingFile */ = {
			isa = PBXGroup;
			children = (
				33EF7CCD29E99846003EC247 /* Sounds */,
				1848E68229DE7DAD0003315C /* Assets.xcassets */,
				184F17372A8E132B00BC4E52 /* QuestionData.json */,
			);
			path = SupportingFile;
			sourceTree = "<group>";
		};
		184F171D2A8DEE5C00BC4E52 /* Home */ = {
			isa = PBXGroup;
			children = (
				184F171E2A8DEE6500BC4E52 /* View */,
			);
			path = Home;
			sourceTree = "<group>";
		};
		184F171E2A8DEE6500BC4E52 /* View */ = {
			isa = PBXGroup;
			children = (
				184F17252A8DF15300BC4E52 /* MainView.swift */,
				184F17202A8DEEA500BC4E52 /* HomeView.swift */,
				184F17222A8DEEBE00BC4E52 /* SplashScreenView.swift */,
			);
			path = View;
			sourceTree = "<group>";
		};
		184F17282A8E070700BC4E52 /* Model */ = {
			isa = PBXGroup;
			children = (
				184F172B2A8E074100BC4E52 /* QuestionModel.swift */,
			);
			path = Model;
			sourceTree = "<group>";
		};
		184F17292A8E071D00BC4E52 /* Repository */ = {
			isa = PBXGroup;
			children = (
				184F172D2A8E086E00BC4E52 /* QuestionRepository.swift */,
			);
			path = Repository;
			sourceTree = "<group>";
		};
		184F172A2A8E072B00BC4E52 /* UseCase */ = {
			isa = PBXGroup;
			children = (
				184F172F2A8E08C300BC4E52 /* QuestionUseCase.swift */,
			);
			path = UseCase;
			sourceTree = "<group>";
		};
		184F17312A8E0FA500BC4E52 /* DataSource */ = {
			isa = PBXGroup;
			children = (
				184F17332A8E10BD00BC4E52 /* QuestionDataSource.swift */,
			);
			path = DataSource;
			sourceTree = "<group>";
		};
		184F17322A8E0FB400BC4E52 /* Repository */ = {
			isa = PBXGroup;
			children = (
				184F17392A8E14BF00BC4E52 /* QuestionRepositoryImpl.swift */,
			);
			path = Repository;
			sourceTree = "<group>";
		};
		18F9D77E2A8E2704001414DA /* Map */ = {
			isa = PBXGroup;
			children = (
				18F9D77F2A8E270B001414DA /* View */,
			);
			path = Map;
			sourceTree = "<group>";
		};
		18F9D77F2A8E270B001414DA /* View */ = {
			isa = PBXGroup;
			children = (
				18F9D7822A8E2839001414DA /* MapView.swift */,
			);
			path = View;
			sourceTree = "<group>";
		};
		18F9D7842A8E28B1001414DA /* Question */ = {
			isa = PBXGroup;
			children = (
				18F9D7882A8E29FC001414DA /* ViewModel */,
				18F9D7852A8E28C1001414DA /* View */,
			);
			path = Question;
			sourceTree = "<group>";
		};
		18F9D7852A8E28C1001414DA /* View */ = {
			isa = PBXGroup;
			children = (
				18F9D7862A8E28D3001414DA /* Question1View.swift */,
				181F8E5E2A90873100E8C237 /* Question2View.swift */,
				186701322A8E499A00F94309 /* InfoBoxView.swift */,
				186701342A8E4A6600F94309 /* QuestionBoxView.swift */,
				181F8E582A9071C400E8C237 /* AnswerBoxView.swift */,
				181F8E5A2A9082FF00E8C237 /* OptionBoxView.swift */,
				186701362A8E4B1100F94309 /* SuccessAlertView.swift */,
				18EB26CC2A8F73CA00CDEBAD /* FailAlertView.swift */,
			);
			path = View;
			sourceTree = "<group>";
		};
		18F9D7882A8E29FC001414DA /* ViewModel */ = {
			isa = PBXGroup;
			children = (
				18F9D7892A8E2A10001414DA /* QuestionViewModel.swift */,
			);
			path = ViewModel;
			sourceTree = "<group>";
		};
		33EF7CCD29E99846003EC247 /* Sounds */ = {
			isa = PBXGroup;
			children = (
				33EF7CD329E9A24C003EC247 /* MusicPlayer.swift */,
				33EF7CCB29E9983D003EC247 /* copycat.mp3 */,
			);
			path = Sounds;
			sourceTree = "<group>";
		};
/* End PBXGroup section */

/* Begin PBXNativeTarget section */
		1848E67A29DE7DAD0003315C /* MewMath */ = {
			isa = PBXNativeTarget;
			buildConfigurationList = 1848E68929DE7DAD0003315C /* Build configuration list for PBXNativeTarget "MewMath" */;
			buildPhases = (
				1848E67729DE7DAD0003315C /* Sources */,
				1848E67829DE7DAD0003315C /* Frameworks */,
				1848E67929DE7DAD0003315C /* Resources */,
			);
			buildRules = (
			);
			dependencies = (
			);
			name = MewMath;
			productName = MewMath;
			productReference = 1848E67B29DE7DAD0003315C /* MewMath.app */;
			productType = "com.apple.product-type.application";
		};
/* End PBXNativeTarget section */

/* Begin PBXProject section */
		1848E67329DE7DAD0003315C /* Project object */ = {
			isa = PBXProject;
			attributes = {
				BuildIndependentTargetsInParallel = 1;
				LastSwiftUpdateCheck = 1430;
				LastUpgradeCheck = 1430;
				TargetAttributes = {
					1848E67A29DE7DAD0003315C = {
						CreatedOnToolsVersion = 14.3;
					};
				};
			};
			buildConfigurationList = 1848E67629DE7DAD0003315C /* Build configuration list for PBXProject "MewMath" */;
			compatibilityVersion = "Xcode 14.0";
			developmentRegion = en;
			hasScannedForEncodings = 0;
			knownRegions = (
				en,
				Base,
			);
			mainGroup = 1848E67229DE7DAD0003315C;
			productRefGroup = 1848E67C29DE7DAD0003315C /* Products */;
			projectDirPath = "";
			projectRoot = "";
			targets = (
				1848E67A29DE7DAD0003315C /* MewMath */,
			);
		};
/* End PBXProject section */

/* Begin PBXResourcesBuildPhase section */
		1848E67929DE7DAD0003315C /* Resources */ = {
			isa = PBXResourcesBuildPhase;
			buildActionMask = 2147483647;
			files = (
				33EF7CCC29E9983D003EC247 /* copycat.mp3 in Resources */,
				1848E68629DE7DAD0003315C /* Preview Assets.xcassets in Resources */,
				184F17382A8E132B00BC4E52 /* QuestionData.json in Resources */,
				1848E68329DE7DAD0003315C /* Assets.xcassets in Resources */,
			);
			runOnlyForDeploymentPostprocessing = 0;
		};
/* End PBXResourcesBuildPhase section */

/* Begin PBXSourcesBuildPhase section */
		1848E67729DE7DAD0003315C /* Sources */ = {
			isa = PBXSourcesBuildPhase;
			buildActionMask = 2147483647;
			files = (
				18EB26CD2A8F73CA00CDEBAD /* FailAlertView.swift in Sources */,
				18F9D7872A8E28D3001414DA /* Question1View.swift in Sources */,
				18F9D78A2A8E2A10001414DA /* QuestionViewModel.swift in Sources */,
				184F172C2A8E074100BC4E52 /* QuestionModel.swift in Sources */,
				181F8E592A9071C400E8C237 /* AnswerBoxView.swift in Sources */,
				DAE4834629E8ADE900355879 /* Explanation1View.swift in Sources */,
				184F17262A8DF15300BC4E52 /* MainView.swift in Sources */,
				184F172E2A8E086E00BC4E52 /* QuestionRepository.swift in Sources */,
				181F8E5F2A90873100E8C237 /* Question2View.swift in Sources */,
				186701332A8E499A00F94309 /* InfoBoxView.swift in Sources */,
				181F8E662A91CCB300E8C237 /* Explanation2View.swift in Sources */,
				184F17342A8E10BD00BC4E52 /* QuestionDataSource.swift in Sources */,
				184F17302A8E08C300BC4E52 /* QuestionUseCase.swift in Sources */,
				184F17362A8E12C400BC4E52 /* Utils.swift in Sources */,
				186701372A8E4B1100F94309 /* SuccessAlertView.swift in Sources */,
				184F173C2A8E15B400BC4E52 /* QuestionInjection.swift in Sources */,
				186701352A8E4A6600F94309 /* QuestionBoxView.swift in Sources */,
				181F8E5B2A9082FF00E8C237 /* OptionBoxView.swift in Sources */,
				184F173A2A8E14BF00BC4E52 /* QuestionRepositoryImpl.swift in Sources */,
				184F17212A8DEEA500BC4E52 /* HomeView.swift in Sources */,
				18F9D7832A8E2839001414DA /* MapView.swift in Sources */,
				33EF7CD429E9A24C003EC247 /* MusicPlayer.swift in Sources */,
				1848E67F29DE7DAD0003315C /* MewMathApp.swift in Sources */,
				184F17232A8DEEBE00BC4E52 /* SplashScreenView.swift in Sources */,
			);
			runOnlyForDeploymentPostprocessing = 0;
		};
/* End PBXSourcesBuildPhase section */

/* Begin XCBuildConfiguration section */
		1848E68729DE7DAD0003315C /* Debug */ = {
			isa = XCBuildConfiguration;
			buildSettings = {
				ALWAYS_SEARCH_USER_PATHS = NO;
				CLANG_ANALYZER_NONNULL = YES;
				CLANG_ANALYZER_NUMBER_OBJECT_CONVERSION = YES_AGGRESSIVE;
				CLANG_CXX_LANGUAGE_STANDARD = "gnu++20";
				CLANG_ENABLE_MODULES = YES;
				CLANG_ENABLE_OBJC_ARC = YES;
				CLANG_ENABLE_OBJC_WEAK = YES;
				CLANG_WARN_BLOCK_CAPTURE_AUTORELEASING = YES;
				CLANG_WARN_BOOL_CONVERSION = YES;
				CLANG_WARN_COMMA = YES;
				CLANG_WARN_CONSTANT_CONVERSION = YES;
				CLANG_WARN_DEPRECATED_OBJC_IMPLEMENTATIONS = YES;
				CLANG_WARN_DIRECT_OBJC_ISA_USAGE = YES_ERROR;
				CLANG_WARN_DOCUMENTATION_COMMENTS = YES;
				CLANG_WARN_EMPTY_BODY = YES;
				CLANG_WARN_ENUM_CONVERSION = YES;
				CLANG_WARN_INFINITE_RECURSION = YES;
				CLANG_WARN_INT_CONVERSION = YES;
				CLANG_WARN_NON_LITERAL_NULL_CONVERSION = YES;
				CLANG_WARN_OBJC_IMPLICIT_RETAIN_SELF = YES;
				CLANG_WARN_OBJC_LITERAL_CONVERSION = YES;
				CLANG_WARN_OBJC_ROOT_CLASS = YES_ERROR;
				CLANG_WARN_QUOTED_INCLUDE_IN_FRAMEWORK_HEADER = YES;
				CLANG_WARN_RANGE_LOOP_ANALYSIS = YES;
				CLANG_WARN_STRICT_PROTOTYPES = YES;
				CLANG_WARN_SUSPICIOUS_MOVE = YES;
				CLANG_WARN_UNGUARDED_AVAILABILITY = YES_AGGRESSIVE;
				CLANG_WARN_UNREACHABLE_CODE = YES;
				CLANG_WARN__DUPLICATE_METHOD_MATCH = YES;
				COPY_PHASE_STRIP = NO;
				DEBUG_INFORMATION_FORMAT = dwarf;
				ENABLE_STRICT_OBJC_MSGSEND = YES;
				ENABLE_TESTABILITY = YES;
				GCC_C_LANGUAGE_STANDARD = gnu11;
				GCC_DYNAMIC_NO_PIC = NO;
				GCC_NO_COMMON_BLOCKS = YES;
				GCC_OPTIMIZATION_LEVEL = 0;
				GCC_PREPROCESSOR_DEFINITIONS = (
					"DEBUG=1",
					"$(inherited)",
				);
				GCC_WARN_64_TO_32_BIT_CONVERSION = YES;
				GCC_WARN_ABOUT_RETURN_TYPE = YES_ERROR;
				GCC_WARN_UNDECLARED_SELECTOR = YES;
				GCC_WARN_UNINITIALIZED_AUTOS = YES_AGGRESSIVE;
				GCC_WARN_UNUSED_FUNCTION = YES;
				GCC_WARN_UNUSED_VARIABLE = YES;
				IPHONEOS_DEPLOYMENT_TARGET = 16.4;
				MTL_ENABLE_DEBUG_INFO = INCLUDE_SOURCE;
				MTL_FAST_MATH = YES;
				ONLY_ACTIVE_ARCH = YES;
				SDKROOT = iphoneos;
				SWIFT_ACTIVE_COMPILATION_CONDITIONS = DEBUG;
				SWIFT_OPTIMIZATION_LEVEL = "-Onone";
			};
			name = Debug;
		};
		1848E68829DE7DAD0003315C /* Release */ = {
			isa = XCBuildConfiguration;
			buildSettings = {
				ALWAYS_SEARCH_USER_PATHS = NO;
				CLANG_ANALYZER_NONNULL = YES;
				CLANG_ANALYZER_NUMBER_OBJECT_CONVERSION = YES_AGGRESSIVE;
				CLANG_CXX_LANGUAGE_STANDARD = "gnu++20";
				CLANG_ENABLE_MODULES = YES;
				CLANG_ENABLE_OBJC_ARC = YES;
				CLANG_ENABLE_OBJC_WEAK = YES;
				CLANG_WARN_BLOCK_CAPTURE_AUTORELEASING = YES;
				CLANG_WARN_BOOL_CONVERSION = YES;
				CLANG_WARN_COMMA = YES;
				CLANG_WARN_CONSTANT_CONVERSION = YES;
				CLANG_WARN_DEPRECATED_OBJC_IMPLEMENTATIONS = YES;
				CLANG_WARN_DIRECT_OBJC_ISA_USAGE = YES_ERROR;
				CLANG_WARN_DOCUMENTATION_COMMENTS = YES;
				CLANG_WARN_EMPTY_BODY = YES;
				CLANG_WARN_ENUM_CONVERSION = YES;
				CLANG_WARN_INFINITE_RECURSION = YES;
				CLANG_WARN_INT_CONVERSION = YES;
				CLANG_WARN_NON_LITERAL_NULL_CONVERSION = YES;
				CLANG_WARN_OBJC_IMPLICIT_RETAIN_SELF = YES;
				CLANG_WARN_OBJC_LITERAL_CONVERSION = YES;
				CLANG_WARN_OBJC_ROOT_CLASS = YES_ERROR;
				CLANG_WARN_QUOTED_INCLUDE_IN_FRAMEWORK_HEADER = YES;
				CLANG_WARN_RANGE_LOOP_ANALYSIS = YES;
				CLANG_WARN_STRICT_PROTOTYPES = YES;
				CLANG_WARN_SUSPICIOUS_MOVE = YES;
				CLANG_WARN_UNGUARDED_AVAILABILITY = YES_AGGRESSIVE;
				CLANG_WARN_UNREACHABLE_CODE = YES;
				CLANG_WARN__DUPLICATE_METHOD_MATCH = YES;
				COPY_PHASE_STRIP = NO;
				DEBUG_INFORMATION_FORMAT = "dwarf-with-dsym";
				ENABLE_NS_ASSERTIONS = NO;
				ENABLE_STRICT_OBJC_MSGSEND = YES;
				GCC_C_LANGUAGE_STANDARD = gnu11;
				GCC_NO_COMMON_BLOCKS = YES;
				GCC_WARN_64_TO_32_BIT_CONVERSION = YES;
				GCC_WARN_ABOUT_RETURN_TYPE = YES_ERROR;
				GCC_WARN_UNDECLARED_SELECTOR = YES;
				GCC_WARN_UNINITIALIZED_AUTOS = YES_AGGRESSIVE;
				GCC_WARN_UNUSED_FUNCTION = YES;
				GCC_WARN_UNUSED_VARIABLE = YES;
				IPHONEOS_DEPLOYMENT_TARGET = 16.4;
				MTL_ENABLE_DEBUG_INFO = NO;
				MTL_FAST_MATH = YES;
				SDKROOT = iphoneos;
				SWIFT_COMPILATION_MODE = wholemodule;
				SWIFT_OPTIMIZATION_LEVEL = "-O";
				VALIDATE_PRODUCT = YES;
			};
			name = Release;
		};
		1848E68A29DE7DAD0003315C /* Debug */ = {
			isa = XCBuildConfiguration;
			buildSettings = {
				ASSETCATALOG_COMPILER_APPICON_NAME = AppIcon;
				ASSETCATALOG_COMPILER_GLOBAL_ACCENT_COLOR_NAME = AccentColor;
				ASSETCATALOG_COMPILER_INCLUDE_ALL_APPICON_ASSETS = YES;
				CODE_SIGN_IDENTITY = "Apple Development";
				CODE_SIGN_STYLE = Automatic;
				CURRENT_PROJECT_VERSION = 1;
				DEVELOPMENT_ASSET_PATHS = "\"MewMath/PreviewContent\"";
				DEVELOPMENT_TEAM = 8W6F8JGKN9;
				ENABLE_PREVIEWS = YES;
				GENERATE_INFOPLIST_FILE = YES;
				INFOPLIST_FILE = MewMath/Info.plist;
				INFOPLIST_KEY_UIApplicationSceneManifest_Generation = YES;
				INFOPLIST_KEY_UIApplicationSupportsIndirectInputEvents = YES;
				INFOPLIST_KEY_UILaunchScreen_Generation = YES;
				INFOPLIST_KEY_UISupportedInterfaceOrientations_iPad = "UIInterfaceOrientationPortrait UIInterfaceOrientationPortraitUpsideDown UIInterfaceOrientationLandscapeLeft UIInterfaceOrientationLandscapeRight";
				INFOPLIST_KEY_UISupportedInterfaceOrientations_iPhone = "UIInterfaceOrientationPortrait UIInterfaceOrientationLandscapeLeft UIInterfaceOrientationLandscapeRight";
				INFOPLIST_KEY_UIUserInterfaceStyle = Light;
				IPHONEOS_DEPLOYMENT_TARGET = 16.0;
				LD_RUNPATH_SEARCH_PATHS = (
					"$(inherited)",
					"@executable_path/Frameworks",
				);
				MARKETING_VERSION = 1.0;
				PRODUCT_BUNDLE_IDENTIFIER = com.agungsptr.MewMath;
				PRODUCT_NAME = "$(TARGET_NAME)";
				PROVISIONING_PROFILE_SPECIFIER = "";
				SWIFT_EMIT_LOC_STRINGS = YES;
				SWIFT_VERSION = 5.0;
				TARGETED_DEVICE_FAMILY = "1,2";
			};
			name = Debug;
		};
		1848E68B29DE7DAD0003315C /* Release */ = {
			isa = XCBuildConfiguration;
			buildSettings = {
				ASSETCATALOG_COMPILER_APPICON_NAME = AppIcon;
				ASSETCATALOG_COMPILER_GLOBAL_ACCENT_COLOR_NAME = AccentColor;
				ASSETCATALOG_COMPILER_INCLUDE_ALL_APPICON_ASSETS = YES;
				CODE_SIGN_IDENTITY = "Apple Development";
				CODE_SIGN_STYLE = Automatic;
				CURRENT_PROJECT_VERSION = 1;
				DEVELOPMENT_ASSET_PATHS = "\"MewMath/PreviewContent\"";
				DEVELOPMENT_TEAM = 8W6F8JGKN9;
				ENABLE_PREVIEWS = YES;
				GENERATE_INFOPLIST_FILE = YES;
				INFOPLIST_FILE = MewMath/Info.plist;
				INFOPLIST_KEY_UIApplicationSceneManifest_Generation = YES;
				INFOPLIST_KEY_UIApplicationSupportsIndirectInputEvents = YES;
				INFOPLIST_KEY_UILaunchScreen_Generation = YES;
				INFOPLIST_KEY_UISupportedInterfaceOrientations_iPad = "UIInterfaceOrientationPortrait UIInterfaceOrientationPortraitUpsideDown UIInterfaceOrientationLandscapeLeft UIInterfaceOrientationLandscapeRight";
				INFOPLIST_KEY_UISupportedInterfaceOrientations_iPhone = "UIInterfaceOrientationPortrait UIInterfaceOrientationLandscapeLeft UIInterfaceOrientationLandscapeRight";
				INFOPLIST_KEY_UIUserInterfaceStyle = Light;
				IPHONEOS_DEPLOYMENT_TARGET = 16.0;
				LD_RUNPATH_SEARCH_PATHS = (
					"$(inherited)",
					"@executable_path/Frameworks",
				);
				MARKETING_VERSION = 1.0;
				PRODUCT_BUNDLE_IDENTIFIER = com.agungsptr.MewMath;
				PRODUCT_NAME = "$(TARGET_NAME)";
				PROVISIONING_PROFILE_SPECIFIER = "";
				SWIFT_EMIT_LOC_STRINGS = YES;
				SWIFT_VERSION = 5.0;
				TARGETED_DEVICE_FAMILY = "1,2";
			};
			name = Release;
		};
/* End XCBuildConfiguration section */

/* Begin XCConfigurationList section */
		1848E67629DE7DAD0003315C /* Build configuration list for PBXProject "MewMath" */ = {
			isa = XCConfigurationList;
			buildConfigurations = (
				1848E68729DE7DAD0003315C /* Debug */,
				1848E68829DE7DAD0003315C /* Release */,
			);
			defaultConfigurationIsVisible = 0;
			defaultConfigurationName = Release;
		};
		1848E68929DE7DAD0003315C /* Build configuration list for PBXNativeTarget "MewMath" */ = {
			isa = XCConfigurationList;
			buildConfigurations = (
				1848E68A29DE7DAD0003315C /* Debug */,
				1848E68B29DE7DAD0003315C /* Release */,
			);
			defaultConfigurationIsVisible = 0;
			defaultConfigurationName = Release;
		};
/* End XCConfigurationList section */
	};
	rootObject = 1848E67329DE7DAD0003315C /* Project object */;
}
